
Microsoft Visual Studio Solution File, Format Version 12.00
# Visual Studio 15
VisualStudioVersion = 15.0.26228.9
MinimumVisualStudioVersion = 10.0.40219.1
Project("{FAE04EC0-301F-11D3-BF4B-00C04F79EFBC}") = "Conway.Library", "Conway.Library\Conway.Library.csproj", "{ADB39F3E-51A7-4253-9432-4C2A691D80D0}"
EndProject
Project("{FAE04EC0-301F-11D3-BF4B-00C04F79EFBC}") = "Conway.Library.Tests", "Conway.Library.Tests\Conway.Library.Tests.csproj", "{F8ADDF58-FD6C-4AF0-8A29-AD57FA0B7E5D}"
EndProject
Project("{FAE04EC0-301F-11D3-BF4B-00C04F79EFBC}") = "Conway.ConsoleUI", "Conway.ConsoleUI\Conway.ConsoleUI.csproj", "{1FD9E980-1AD7-452D-96F5-6BA8C8C1D3AB}"
EndProject
Global
	GlobalSection(SolutionConfigurationPlatforms) = preSolution
		Debug|Any CPU = Debug|Any CPU
		Release|Any CPU = Release|Any CPU
	EndGlobalSection
	GlobalSection(ProjectConfigurationPlatforms) = postSolution
		{ADB39F3E-51A7-4253-9432-4C2A691D80D0}.Debug|Any CPU.ActiveCfg = Debug|Any CPU
		{ADB39F3E-51A7-4253-9432-4C2A691D80D0}.Debug|Any CPU.Build.0 = Debug|Any CPU
		{ADB39F3E-51A7-4253-9432-4C2A691D80D0}.Release|Any CPU.ActiveCfg = Release|Any CPU
		{ADB39F3E-51A7-4253-9432-4C2A691D80D0}.Release|Any CPU.Build.0 = Release|Any CPU
		{F8ADDF58-FD6C-4AF0-8A29-AD57FA0B7E5D}.Debug|Any CPU.ActiveCfg = Debug|Any CPU
		{F8ADDF58-FD6C-4AF0-8A29-AD57FA0B7E5D}.Debug|Any CPU.Build.0 = Debug|Any CPU
		{F8ADDF58-FD6C-4AF0-8A29-AD57FA0B7E5D}.Release|Any CPU.ActiveCfg = Release|Any CPU
		{F8ADDF58-FD6C-4AF0-8A29-AD57FA0B7E5D}.Release|Any CPU.Build.0 = Release|Any CPU
		{1FD9E980-1AD7-452D-96F5-6BA8C8C1D3AB}.Debug|Any CPU.ActiveCfg = Debug|Any CPU
		{1FD9E980-1AD7-452D-96F5-6BA8C8C1D3AB}.Debug|Any CPU.Build.0 = Debug|Any CPU
		{1FD9E980-1AD7-452D-96F5-6BA8C8C1D3AB}.Release|Any CPU.ActiveCfg = Release|Any CPU
		{1FD9E980-1AD7-452D-96F5-6BA8C8C1D3AB}.Release|Any CPU.Build.0 = Release|Any CPU
	EndGlobalSection
	GlobalSection(SolutionProperties) = preSolution
		HideSolutionNode = FALSE
	EndGlobalSection
EndGlobal
